// !$*UTF8*$!
{
	archiveVersion = 1;
	classes = {
	};
	objectVersion = 46;
	objects = {

/* Begin PBXBuildFile section */
		032B80ED204549000097BF12 /* FSLPromise.m in Sources */ = {isa = PBXBuildFile; fileRef = 03204071204547D300D2D16C /* FSLPromise.m */; };
		032B80EE204549000097BF12 /* FSLPromise+All.m in Sources */ = {isa = PBXBuildFile; fileRef = 0320406F204547D300D2D16C /* FSLPromise+All.m */; };
		032B80EF204549000097BF12 /* FSLPromise+Always.m in Sources */ = {isa = PBXBuildFile; fileRef = 0320406A204547D300D2D16C /* FSLPromise+Always.m */; };
		032B80F0204549000097BF12 /* FSLPromise+Race.m in Sources */ = {isa = PBXBuildFile; fileRef = 03204068204547D300D2D16C /* FSLPromise+Race.m */; };
		032B80F1204549000097BF12 /* FSLPromise+Async.m in Sources */ = {isa = PBXBuildFile; fileRef = 03204069204547D300D2D16C /* FSLPromise+Async.m */; };
		032B80F2204549000097BF12 /* FSLPromise+Catch.m in Sources */ = {isa = PBXBuildFile; fileRef = 0320406B204547D300D2D16C /* FSLPromise+Catch.m */; };
		032B80F3204549000097BF12 /* FSLPromise+Do.m in Sources */ = {isa = PBXBuildFile; fileRef = 0320404F204547D300D2D16C /* FSLPromise+Do.m */; };
		032B80F4204549000097BF12 /* FSLPromise+Recover.m in Sources */ = {isa = PBXBuildFile; fileRef = 0320406E204547D300D2D16C /* FSLPromise+Recover.m */; };
		032B80F5204549000097BF12 /* FSLPromise+Wrap.m in Sources */ = {isa = PBXBuildFile; fileRef = 03204050204547D300D2D16C /* FSLPromise+Wrap.m */; };
		032B80F6204549000097BF12 /* FSLPromise+Testing.m in Sources */ = {isa = PBXBuildFile; fileRef = 0320406C204547D300D2D16C /* FSLPromise+Testing.m */; };
		032B80F7204549000097BF12 /* FSLPromise+Then.m in Sources */ = {isa = PBXBuildFile; fileRef = 03204065204547D300D2D16C /* FSLPromise+Then.m */; };
		032B80F8204549000097BF12 /* FSLPromise+Timeout.m in Sources */ = {isa = PBXBuildFile; fileRef = 03204067204547D300D2D16C /* FSLPromise+Timeout.m */; };
		032B80F9204549000097BF12 /* FSLPromise+Validate.m in Sources */ = {isa = PBXBuildFile; fileRef = 03204070204547D300D2D16C /* FSLPromise+Validate.m */; };
		032B80FA204549000097BF12 /* FSLPromise+Any.m in Sources */ = {isa = PBXBuildFile; fileRef = 0320406D204547D300D2D16C /* FSLPromise+Any.m */; };
		032B80FB204549000097BF12 /* FSLPromiseError.m in Sources */ = {isa = PBXBuildFile; fileRef = 03204066204547D300D2D16C /* FSLPromiseError.m */; };
		032B80FC204549080097BF12 /* FSLPromise.h in Headers */ = {isa = PBXBuildFile; fileRef = 03204058204547D300D2D16C /* FSLPromise.h */; settings = {ATTRIBUTES = (Public, ); }; };
		032B80FD204549080097BF12 /* FSLPromise+All.h in Headers */ = {isa = PBXBuildFile; fileRef = 03204057204547D300D2D16C /* FSLPromise+All.h */; settings = {ATTRIBUTES = (Public, ); }; };
		032B80FE204549080097BF12 /* FSLPromise+Always.h in Headers */ = {isa = PBXBuildFile; fileRef = 03204063204547D300D2D16C /* FSLPromise+Always.h */; settings = {ATTRIBUTES = (Public, ); }; };
		032B80FF204549080097BF12 /* FSLPromise+Race.h in Headers */ = {isa = PBXBuildFile; fileRef = 03204064204547D300D2D16C /* FSLPromise+Race.h */; settings = {ATTRIBUTES = (Public, ); }; };
		032B8100204549080097BF12 /* FSLPromise+Async.h in Headers */ = {isa = PBXBuildFile; fileRef = 03204062204547D300D2D16C /* FSLPromise+Async.h */; settings = {ATTRIBUTES = (Public, ); }; };
		032B8101204549080097BF12 /* FSLPromise+Catch.h in Headers */ = {isa = PBXBuildFile; fileRef = 03204053204547D300D2D16C /* FSLPromise+Catch.h */; settings = {ATTRIBUTES = (Public, ); }; };
		032B8102204549080097BF12 /* FSLPromise+Do.h in Headers */ = {isa = PBXBuildFile; fileRef = 0320405B204547D300D2D16C /* FSLPromise+Do.h */; settings = {ATTRIBUTES = (Public, ); }; };
		032B8103204549080097BF12 /* FSLPromise+Recover.h in Headers */ = {isa = PBXBuildFile; fileRef = 03204054204547D300D2D16C /* FSLPromise+Recover.h */; settings = {ATTRIBUTES = (Public, ); }; };
		032B8104204549080097BF12 /* FSLPromise+Wrap.h in Headers */ = {isa = PBXBuildFile; fileRef = 03204061204547D300D2D16C /* FSLPromise+Wrap.h */; settings = {ATTRIBUTES = (Public, ); }; };
		032B8105204549080097BF12 /* FSLPromise+Testing.h in Headers */ = {isa = PBXBuildFile; fileRef = 03204052204547D300D2D16C /* FSLPromise+Testing.h */; settings = {ATTRIBUTES = (Public, ); }; };
		032B8106204549080097BF12 /* FSLPromise+Then.h in Headers */ = {isa = PBXBuildFile; fileRef = 0320405E204547D300D2D16C /* FSLPromise+Then.h */; settings = {ATTRIBUTES = (Public, ); }; };
		032B8107204549080097BF12 /* FSLPromise+Timeout.h in Headers */ = {isa = PBXBuildFile; fileRef = 0320405C204547D300D2D16C /* FSLPromise+Timeout.h */; settings = {ATTRIBUTES = (Public, ); }; };
		032B8108204549080097BF12 /* FSLPromise+Validate.h in Headers */ = {isa = PBXBuildFile; fileRef = 03204056204547D300D2D16C /* FSLPromise+Validate.h */; settings = {ATTRIBUTES = (Public, ); }; };
		032B8109204549080097BF12 /* FSLPromise+Any.h in Headers */ = {isa = PBXBuildFile; fileRef = 03204055204547D300D2D16C /* FSLPromise+Any.h */; settings = {ATTRIBUTES = (Public, ); }; };
		032B810A204549080097BF12 /* FSLPromiseError.h in Headers */ = {isa = PBXBuildFile; fileRef = 0320405D204547D300D2D16C /* FSLPromiseError.h */; settings = {ATTRIBUTES = (Public, ); }; };
		032B810B204549080097BF12 /* FSLPromisePrivate.h in Headers */ = {isa = PBXBuildFile; fileRef = 0320405A204547D300D2D16C /* FSLPromisePrivate.h */; settings = {ATTRIBUTES = (Private, ); }; };
		032B810C204549080097BF12 /* FSLPromises.h in Headers */ = {isa = PBXBuildFile; fileRef = 03204059204547D300D2D16C /* FSLPromises.h */; settings = {ATTRIBUTES = (Public, ); }; };
		032B8110204549300097BF12 /* FSLPromisesTestHelpers.h in Headers */ = {isa = PBXBuildFile; fileRef = 03204039204547D300D2D16C /* FSLPromisesTestHelpers.h */; settings = {ATTRIBUTES = (Public, ); }; };
		032B8111204549300097BF12 /* FSLPromisesTestInteroperability.h in Headers */ = {isa = PBXBuildFile; fileRef = 0320403A204547D300D2D16C /* FSLPromisesTestInteroperability.h */; settings = {ATTRIBUTES = (Public, ); }; };
		032B8125204549510097BF12 /* FSLPromise+ThenPerformanceTests.m in Sources */ = {isa = PBXBuildFile; fileRef = 03204082204547D400D2D16C /* FSLPromise+ThenPerformanceTests.m */; };
		032B8126204549590097BF12 /* FSLPromise+AllTests.m in Sources */ = {isa = PBXBuildFile; fileRef = 03204090204547D400D2D16C /* FSLPromise+AllTests.m */; };
		032B8127204549590097BF12 /* FSLPromise+AlwaysTests.m in Sources */ = {isa = PBXBuildFile; fileRef = 0320408A204547D400D2D16C /* FSLPromise+AlwaysTests.m */; };
		032B8128204549590097BF12 /* FSLPromise+RaceTests.m in Sources */ = {isa = PBXBuildFile; fileRef = 0320408D204547D400D2D16C /* FSLPromise+RaceTests.m */; };
		032B8129204549590097BF12 /* FSLPromise+AsyncTests.m in Sources */ = {isa = PBXBuildFile; fileRef = 03204093204547D400D2D16C /* FSLPromise+AsyncTests.m */; };
		032B812A204549590097BF12 /* FSLPromise+CatchTests.m in Sources */ = {isa = PBXBuildFile; fileRef = 0320408F204547D400D2D16C /* FSLPromise+CatchTests.m */; };
		032B812B204549590097BF12 /* FSLPromise+DoTests.m in Sources */ = {isa = PBXBuildFile; fileRef = 0320408B204547D400D2D16C /* FSLPromise+DoTests.m */; };
		032B812C204549590097BF12 /* FSLPromise+RecoverTests.m in Sources */ = {isa = PBXBuildFile; fileRef = 0320408E204547D400D2D16C /* FSLPromise+RecoverTests.m */; };
		032B812D204549590097BF12 /* FSLPromise+WrapTests.m in Sources */ = {isa = PBXBuildFile; fileRef = 03204091204547D400D2D16C /* FSLPromise+WrapTests.m */; };
		032B812E204549590097BF12 /* FSLPromise+ThenTests.m in Sources */ = {isa = PBXBuildFile; fileRef = 03204094204547D400D2D16C /* FSLPromise+ThenTests.m */; };
		032B812F204549590097BF12 /* FSLPromise+TimeoutTests.m in Sources */ = {isa = PBXBuildFile; fileRef = 03204095204547D400D2D16C /* FSLPromise+TimeoutTests.m */; };
		032B8130204549590097BF12 /* FSLPromise+ValidateTests.m in Sources */ = {isa = PBXBuildFile; fileRef = 03204092204547D400D2D16C /* FSLPromise+ValidateTests.m */; };
		032B8131204549590097BF12 /* FSLPromise+AnyTests.m in Sources */ = {isa = PBXBuildFile; fileRef = 03204089204547D400D2D16C /* FSLPromise+AnyTests.m */; };
		032B8132204549590097BF12 /* FSLPromiseTests.m in Sources */ = {isa = PBXBuildFile; fileRef = 0320408C204547D400D2D16C /* FSLPromiseTests.m */; };
		032B8143204549DC0097BF12 /* FSLPromisesTestInteroperability.m in Sources */ = {isa = PBXBuildFile; fileRef = 0320403D204547D300D2D16C /* FSLPromisesTestInteroperability.m */; };
		03326C332084642B00872827 /* FSLPromise+Reduce.m in Sources */ = {isa = PBXBuildFile; fileRef = 03326C312084642000872827 /* FSLPromise+Reduce.m */; };
		03326C352084644400872827 /* FSLPromise+Reduce.h in Headers */ = {isa = PBXBuildFile; fileRef = 03326C342084643600872827 /* FSLPromise+Reduce.h */; settings = {ATTRIBUTES = (Public, ); }; };
		03326C392084689500872827 /* FSLPromise+ReduceTests.m in Sources */ = {isa = PBXBuildFile; fileRef = 03326C36208464C100872827 /* FSLPromise+ReduceTests.m */; };
		035D15EA208EF8A00089EF3D /* FSLPromise+Await.h in Headers */ = {isa = PBXBuildFile; fileRef = 035D15E9208EF8940089EF3D /* FSLPromise+Await.h */; settings = {ATTRIBUTES = (Public, ); }; };
		035D15F220911AD30089EF3D /* FSLPromise+Delay.h in Headers */ = {isa = PBXBuildFile; fileRef = 035D15F120911ACA0089EF3D /* FSLPromise+Delay.h */; settings = {ATTRIBUTES = (Public, ); }; };
		035D15F520915B550089EF3D /* FSLPromise+AwaitTests.m in Sources */ = {isa = PBXBuildFile; fileRef = 035D15F320915B490089EF3D /* FSLPromise+AwaitTests.m */; };
		035D15F8209220120089EF3D /* FSLPromise+Delay.m in Sources */ = {isa = PBXBuildFile; fileRef = 035D15EE20911AB70089EF3D /* FSLPromise+Delay.m */; };
		035D15F9209220150089EF3D /* FSLPromise+Await.m in Sources */ = {isa = PBXBuildFile; fileRef = 035D15E6208EF8750089EF3D /* FSLPromise+Await.m */; };
		0391947E2095B9C600C40218 /* FSLPromise+DelayTests.m in Sources */ = {isa = PBXBuildFile; fileRef = 0391947C2095B9BE00C40218 /* FSLPromise+DelayTests.m */; };
		4ADC8B8C20E54A4E00D10D3D /* FSLPromise+Retry.m in Sources */ = {isa = PBXBuildFile; fileRef = 4ADC8B8B20E54A4E00D10D3D /* FSLPromise+Retry.m */; };
		4ADC8B8E20E54A5900D10D3D /* FSLPromise+Retry.h in Headers */ = {isa = PBXBuildFile; fileRef = 4ADC8B8D20E54A5900D10D3D /* FSLPromise+Retry.h */; settings = {ATTRIBUTES = (Public, ); }; };
		4ADC8B9420E54A9E00D10D3D /* FSLPromise+RetryTests.m in Sources */ = {isa = PBXBuildFile; fileRef = 4ADC8B9320E54A9E00D10D3D /* FSLPromise+RetryTests.m */; };
		OBJ_136 /* FSLPromisesTestHelpers.framework in Frameworks */ = {isa = PBXBuildFile; fileRef = "Promises::FBLPromisesTestHelpers::Product" /* FSLPromisesTestHelpers.framework */; };
		OBJ_137 /* FSLPromises.framework in Frameworks */ = {isa = PBXBuildFile; fileRef = "Promises::FBLPromises::Product" /* FSLPromises.framework */; };
		OBJ_153 /* FSLPromisesTestHelpers.framework in Frameworks */ = {isa = PBXBuildFile; fileRef = "Promises::FBLPromisesTestHelpers::Product" /* FSLPromisesTestHelpers.framework */; };
		OBJ_154 /* FSLPromises.framework in Frameworks */ = {isa = PBXBuildFile; fileRef = "Promises::FBLPromises::Product" /* FSLPromises.framework */; };
		OBJ_201 /* FSLPromisesTestHelpers.framework in Frameworks */ = {isa = PBXBuildFile; fileRef = "Promises::FBLPromisesTestHelpers::Product" /* FSLPromisesTestHelpers.framework */; };
		OBJ_202 /* FSLPromises.framework in Frameworks */ = {isa = PBXBuildFile; fileRef = "Promises::FBLPromises::Product" /* FSLPromises.framework */; };
		OBJ_275 /* FSLPromises.framework in Frameworks */ = {isa = PBXBuildFile; fileRef = "Promises::FBLPromises::Product" /* FSLPromises.framework */; };
/* End PBXBuildFile section */

/* Begin PBXContainerItemProxy section */
		03C7654120453421008F08C9 /* PBXContainerItemProxy */ = {
			isa = PBXContainerItemProxy;
			containerPortal = OBJ_1 /* Project object */;
			proxyType = 1;
			remoteGlobalIDString = "Promises::FBLPromises";
			remoteInfo = FBLPromises;
		};
		03C7654420453421008F08C9 /* PBXContainerItemProxy */ = {
			isa = PBXContainerItemProxy;
			containerPortal = OBJ_1 /* Project object */;
			proxyType = 1;
			remoteGlobalIDString = "Promises::FBLPromisesTestHelpers";
			remoteInfo = FBLPromisesTestHelpers;
		};
		03C7654520453421008F08C9 /* PBXContainerItemProxy */ = {
			isa = PBXContainerItemProxy;
			containerPortal = OBJ_1 /* Project object */;
			proxyType = 1;
			remoteGlobalIDString = "Promises::FBLPromises";
			remoteInfo = FBLPromises;
		};
		03C7654620453421008F08C9 /* PBXContainerItemProxy */ = {
			isa = PBXContainerItemProxy;
			containerPortal = OBJ_1 /* Project object */;
			proxyType = 1;
			remoteGlobalIDString = "Promises::FBLPromisesTestHelpers";
			remoteInfo = FBLPromisesTestHelpers;
		};
		03C7654720453421008F08C9 /* PBXContainerItemProxy */ = {
			isa = PBXContainerItemProxy;
			containerPortal = OBJ_1 /* Project object */;
			proxyType = 1;
			remoteGlobalIDString = "Promises::FBLPromises";
			remoteInfo = FBLPromises;
		};
		03C7654B20453421008F08C9 /* PBXContainerItemProxy */ = {
			isa = PBXContainerItemProxy;
			containerPortal = OBJ_1 /* Project object */;
			proxyType = 1;
			remoteGlobalIDString = "Promises::FBLPromisesTestHelpers";
			remoteInfo = FBLPromisesTestHelpers;
		};
		03C7654C20453421008F08C9 /* PBXContainerItemProxy */ = {
			isa = PBXContainerItemProxy;
			containerPortal = OBJ_1 /* Project object */;
			proxyType = 1;
			remoteGlobalIDString = "Promises::FBLPromises";
			remoteInfo = FBLPromises;
		};
/* End PBXContainerItemProxy section */

/* Begin PBXFileReference section */
		03204039204547D300D2D16C /* FSLPromisesTestHelpers.h */ = {isa = PBXFileReference; fileEncoding = 4; lastKnownFileType = sourcecode.c.h; path = FSLPromisesTestHelpers.h; sourceTree = "<group>"; };
		0320403A204547D300D2D16C /* FSLPromisesTestInteroperability.h */ = {isa = PBXFileReference; fileEncoding = 4; lastKnownFileType = sourcecode.c.h; path = FSLPromisesTestInteroperability.h; sourceTree = "<group>"; };
		0320403B204547D300D2D16C /* framework.modulemap */ = {isa = PBXFileReference; fileEncoding = 4; lastKnownFileType = "sourcecode.module-map"; path = framework.modulemap; sourceTree = "<group>"; };
		0320403D204547D300D2D16C /* FSLPromisesTestInteroperability.m */ = {isa = PBXFileReference; fileEncoding = 4; lastKnownFileType = sourcecode.c.objc; path = FSLPromisesTestInteroperability.m; sourceTree = "<group>"; };
		0320404F204547D300D2D16C /* FSLPromise+Do.m */ = {isa = PBXFileReference; fileEncoding = 4; lastKnownFileType = sourcecode.c.objc; path = "FSLPromise+Do.m"; sourceTree = "<group>"; };
		03204050204547D300D2D16C /* FSLPromise+Wrap.m */ = {isa = PBXFileReference; fileEncoding = 4; lastKnownFileType = sourcecode.c.objc; path = "FSLPromise+Wrap.m"; sourceTree = "<group>"; };
		03204052204547D300D2D16C /* FSLPromise+Testing.h */ = {isa = PBXFileReference; fileEncoding = 4; lastKnownFileType = sourcecode.c.h; path = "FSLPromise+Testing.h"; sourceTree = "<group>"; };
		03204053204547D300D2D16C /* FSLPromise+Catch.h */ = {isa = PBXFileReference; fileEncoding = 4; lastKnownFileType = sourcecode.c.h; path = "FSLPromise+Catch.h"; sourceTree = "<group>"; };
		03204054204547D300D2D16C /* FSLPromise+Recover.h */ = {isa = PBXFileReference; fileEncoding = 4; lastKnownFileType = sourcecode.c.h; path = "FSLPromise+Recover.h"; sourceTree = "<group>"; };
		03204055204547D300D2D16C /* FSLPromise+Any.h */ = {isa = PBXFileReference; fileEncoding = 4; lastKnownFileType = sourcecode.c.h; path = "FSLPromise+Any.h"; sourceTree = "<group>"; };
		03204056204547D300D2D16C /* FSLPromise+Validate.h */ = {isa = PBXFileReference; fileEncoding = 4; lastKnownFileType = sourcecode.c.h; path = "FSLPromise+Validate.h"; sourceTree = "<group>"; };
		03204057204547D300D2D16C /* FSLPromise+All.h */ = {isa = PBXFileReference; fileEncoding = 4; lastKnownFileType = sourcecode.c.h; path = "FSLPromise+All.h"; sourceTree = "<group>"; };
		03204058204547D300D2D16C /* FSLPromise.h */ = {isa = PBXFileReference; fileEncoding = 4; lastKnownFileType = sourcecode.c.h; path = FSLPromise.h; sourceTree = "<group>"; };
		03204059204547D300D2D16C /* FSLPromises.h */ = {isa = PBXFileReference; fileEncoding = 4; lastKnownFileType = sourcecode.c.h; path = FSLPromises.h; sourceTree = "<group>"; };
		0320405A204547D300D2D16C /* FSLPromisePrivate.h */ = {isa = PBXFileReference; fileEncoding = 4; lastKnownFileType = sourcecode.c.h; path = FSLPromisePrivate.h; sourceTree = "<group>"; };
		0320405B204547D300D2D16C /* FSLPromise+Do.h */ = {isa = PBXFileReference; fileEncoding = 4; lastKnownFileType = sourcecode.c.h; path = "FSLPromise+Do.h"; sourceTree = "<group>"; };
		0320405C204547D300D2D16C /* FSLPromise+Timeout.h */ = {isa = PBXFileReference; fileEncoding = 4; lastKnownFileType = sourcecode.c.h; path = "FSLPromise+Timeout.h"; sourceTree = "<group>"; };
		0320405D204547D300D2D16C /* FSLPromiseError.h */ = {isa = PBXFileReference; fileEncoding = 4; lastKnownFileType = sourcecode.c.h; path = FSLPromiseError.h; sourceTree = "<group>"; };
		0320405E204547D300D2D16C /* FSLPromise+Then.h */ = {isa = PBXFileReference; fileEncoding = 4; lastKnownFileType = sourcecode.c.h; path = "FSLPromise+Then.h"; sourceTree = "<group>"; };
		0320405F204547D300D2D16C /* framework.modulemap */ = {isa = PBXFileReference; fileEncoding = 4; lastKnownFileType = "sourcecode.module-map"; path = framework.modulemap; sourceTree = "<group>"; };
		03204061204547D300D2D16C /* FSLPromise+Wrap.h */ = {isa = PBXFileReference; fileEncoding = 4; lastKnownFileType = sourcecode.c.h; path = "FSLPromise+Wrap.h"; sourceTree = "<group>"; };
		03204062204547D300D2D16C /* FSLPromise+Async.h */ = {isa = PBXFileReference; fileEncoding = 4; lastKnownFileType = sourcecode.c.h; path = "FSLPromise+Async.h"; sourceTree = "<group>"; };
		03204063204547D300D2D16C /* FSLPromise+Always.h */ = {isa = PBXFileReference; fileEncoding = 4; lastKnownFileType = sourcecode.c.h; path = "FSLPromise+Always.h"; sourceTree = "<group>"; };
		03204064204547D300D2D16C /* FSLPromise+Race.h */ = {isa = PBXFileReference; fileEncoding = 4; lastKnownFileType = sourcecode.c.h; path = "FSLPromise+Race.h"; sourceTree = "<group>"; };
		03204065204547D300D2D16C /* FSLPromise+Then.m */ = {isa = PBXFileReference; fileEncoding = 4; lastKnownFileType = sourcecode.c.objc; path = "FSLPromise+Then.m"; sourceTree = "<group>"; };
		03204066204547D300D2D16C /* FSLPromiseError.m */ = {isa = PBXFileReference; fileEncoding = 4; lastKnownFileType = sourcecode.c.objc; path = FSLPromiseError.m; sourceTree = "<group>"; };
		03204067204547D300D2D16C /* FSLPromise+Timeout.m */ = {isa = PBXFileReference; fileEncoding = 4; lastKnownFileType = sourcecode.c.objc; path = "FSLPromise+Timeout.m"; sourceTree = "<group>"; };
		03204068204547D300D2D16C /* FSLPromise+Race.m */ = {isa = PBXFileReference; fileEncoding = 4; lastKnownFileType = sourcecode.c.objc; path = "FSLPromise+Race.m"; sourceTree = "<group>"; };
		03204069204547D300D2D16C /* FSLPromise+Async.m */ = {isa = PBXFileReference; fileEncoding = 4; lastKnownFileType = sourcecode.c.objc; path = "FSLPromise+Async.m"; sourceTree = "<group>"; };
		0320406A204547D300D2D16C /* FSLPromise+Always.m */ = {isa = PBXFileReference; fileEncoding = 4; lastKnownFileType = sourcecode.c.objc; path = "FSLPromise+Always.m"; sourceTree = "<group>"; };
		0320406B204547D300D2D16C /* FSLPromise+Catch.m */ = {isa = PBXFileReference; fileEncoding = 4; lastKnownFileType = sourcecode.c.objc; path = "FSLPromise+Catch.m"; sourceTree = "<group>"; };
		0320406C204547D300D2D16C /* FSLPromise+Testing.m */ = {isa = PBXFileReference; fileEncoding = 4; lastKnownFileType = sourcecode.c.objc; path = "FSLPromise+Testing.m"; sourceTree = "<group>"; };
		0320406D204547D300D2D16C /* FSLPromise+Any.m */ = {isa = PBXFileReference; fileEncoding = 4; lastKnownFileType = sourcecode.c.objc; path = "FSLPromise+Any.m"; sourceTree = "<group>"; };
		0320406E204547D300D2D16C /* FSLPromise+Recover.m */ = {isa = PBXFileReference; fileEncoding = 4; lastKnownFileType = sourcecode.c.objc; path = "FSLPromise+Recover.m"; sourceTree = "<group>"; };
		0320406F204547D300D2D16C /* FSLPromise+All.m */ = {isa = PBXFileReference; fileEncoding = 4; lastKnownFileType = sourcecode.c.objc; path = "FSLPromise+All.m"; sourceTree = "<group>"; };
		03204070204547D300D2D16C /* FSLPromise+Validate.m */ = {isa = PBXFileReference; fileEncoding = 4; lastKnownFileType = sourcecode.c.objc; path = "FSLPromise+Validate.m"; sourceTree = "<group>"; };
		03204071204547D300D2D16C /* FSLPromise.m */ = {isa = PBXFileReference; fileEncoding = 4; lastKnownFileType = sourcecode.c.objc; path = FSLPromise.m; sourceTree = "<group>"; };
		03204082204547D400D2D16C /* FSLPromise+ThenPerformanceTests.m */ = {isa = PBXFileReference; fileEncoding = 4; lastKnownFileType = sourcecode.c.objc; path = "FSLPromise+ThenPerformanceTests.m"; sourceTree = "<group>"; };
		03204089204547D400D2D16C /* FSLPromise+AnyTests.m */ = {isa = PBXFileReference; fileEncoding = 4; lastKnownFileType = sourcecode.c.objc; path = "FSLPromise+AnyTests.m"; sourceTree = "<group>"; };
		0320408A204547D400D2D16C /* FSLPromise+AlwaysTests.m */ = {isa = PBXFileReference; fileEncoding = 4; lastKnownFileType = sourcecode.c.objc; path = "FSLPromise+AlwaysTests.m"; sourceTree = "<group>"; };
		0320408B204547D400D2D16C /* FSLPromise+DoTests.m */ = {isa = PBXFileReference; fileEncoding = 4; lastKnownFileType = sourcecode.c.objc; path = "FSLPromise+DoTests.m"; sourceTree = "<group>"; };
		0320408C204547D400D2D16C /* FSLPromiseTests.m */ = {isa = PBXFileReference; fileEncoding = 4; lastKnownFileType = sourcecode.c.objc; path = FSLPromiseTests.m; sourceTree = "<group>"; };
		0320408D204547D400D2D16C /* FSLPromise+RaceTests.m */ = {isa = PBXFileReference; fileEncoding = 4; lastKnownFileType = sourcecode.c.objc; path = "FSLPromise+RaceTests.m"; sourceTree = "<group>"; };
		0320408E204547D400D2D16C /* FSLPromise+RecoverTests.m */ = {isa = PBXFileReference; fileEncoding = 4; lastKnownFileType = sourcecode.c.objc; path = "FSLPromise+RecoverTests.m"; sourceTree = "<group>"; };
		0320408F204547D400D2D16C /* FSLPromise+CatchTests.m */ = {isa = PBXFileReference; fileEncoding = 4; lastKnownFileType = sourcecode.c.objc; path = "FSLPromise+CatchTests.m"; sourceTree = "<group>"; };
		03204090204547D400D2D16C /* FSLPromise+AllTests.m */ = {isa = PBXFileReference; fileEncoding = 4; lastKnownFileType = sourcecode.c.objc; path = "FSLPromise+AllTests.m"; sourceTree = "<group>"; };
		03204091204547D400D2D16C /* FSLPromise+WrapTests.m */ = {isa = PBXFileReference; fileEncoding = 4; lastKnownFileType = sourcecode.c.objc; path = "FSLPromise+WrapTests.m"; sourceTree = "<group>"; };
		03204092204547D400D2D16C /* FSLPromise+ValidateTests.m */ = {isa = PBXFileReference; fileEncoding = 4; lastKnownFileType = sourcecode.c.objc; path = "FSLPromise+ValidateTests.m"; sourceTree = "<group>"; };
		03204093204547D400D2D16C /* FSLPromise+AsyncTests.m */ = {isa = PBXFileReference; fileEncoding = 4; lastKnownFileType = sourcecode.c.objc; path = "FSLPromise+AsyncTests.m"; sourceTree = "<group>"; };
		03204094204547D400D2D16C /* FSLPromise+ThenTests.m */ = {isa = PBXFileReference; fileEncoding = 4; lastKnownFileType = sourcecode.c.objc; path = "FSLPromise+ThenTests.m"; sourceTree = "<group>"; };
		03204095204547D400D2D16C /* FSLPromise+TimeoutTests.m */ = {isa = PBXFileReference; fileEncoding = 4; lastKnownFileType = sourcecode.c.objc; path = "FSLPromise+TimeoutTests.m"; sourceTree = "<group>"; };
		03326C312084642000872827 /* FSLPromise+Reduce.m */ = {isa = PBXFileReference; fileEncoding = 4; lastKnownFileType = sourcecode.c.objc; path = "FSLPromise+Reduce.m"; sourceTree = "<group>"; };
		03326C342084643600872827 /* FSLPromise+Reduce.h */ = {isa = PBXFileReference; fileEncoding = 4; lastKnownFileType = sourcecode.c.h; path = "FSLPromise+Reduce.h"; sourceTree = "<group>"; };
		03326C36208464C100872827 /* FSLPromise+ReduceTests.m */ = {isa = PBXFileReference; fileEncoding = 4; lastKnownFileType = sourcecode.c.objc; path = "FSLPromise+ReduceTests.m"; sourceTree = "<group>"; };
		035D15E6208EF8750089EF3D /* FSLPromise+Await.m */ = {isa = PBXFileReference; fileEncoding = 4; lastKnownFileType = sourcecode.c.objc; path = "FSLPromise+Await.m"; sourceTree = "<group>"; };
		035D15E9208EF8940089EF3D /* FSLPromise+Await.h */ = {isa = PBXFileReference; fileEncoding = 4; lastKnownFileType = sourcecode.c.h; path = "FSLPromise+Await.h"; sourceTree = "<group>"; };
		035D15EE20911AB70089EF3D /* FSLPromise+Delay.m */ = {isa = PBXFileReference; fileEncoding = 4; lastKnownFileType = sourcecode.c.objc; path = "FSLPromise+Delay.m"; sourceTree = "<group>"; };
		035D15F120911ACA0089EF3D /* FSLPromise+Delay.h */ = {isa = PBXFileReference; fileEncoding = 4; lastKnownFileType = sourcecode.c.h; path = "FSLPromise+Delay.h"; sourceTree = "<group>"; };
		035D15F320915B490089EF3D /* FSLPromise+AwaitTests.m */ = {isa = PBXFileReference; fileEncoding = 4; lastKnownFileType = sourcecode.c.objc; path = "FSLPromise+AwaitTests.m"; sourceTree = "<group>"; };
		0391947C2095B9BE00C40218 /* FSLPromise+DelayTests.m */ = {isa = PBXFileReference; fileEncoding = 4; lastKnownFileType = sourcecode.c.objc; path = "FSLPromise+DelayTests.m"; sourceTree = "<group>"; };
		4ADC8B8B20E54A4E00D10D3D /* FSLPromise+Retry.m */ = {isa = PBXFileReference; fileEncoding = 4; lastKnownFileType = sourcecode.c.objc; path = "FSLPromise+Retry.m"; sourceTree = "<group>"; };
		4ADC8B8D20E54A5900D10D3D /* FSLPromise+Retry.h */ = {isa = PBXFileReference; fileEncoding = 4; lastKnownFileType = sourcecode.c.h; path = "FSLPromise+Retry.h"; sourceTree = "<group>"; };
		4ADC8B9320E54A9E00D10D3D /* FSLPromise+RetryTests.m */ = {isa = PBXFileReference; fileEncoding = 4; lastKnownFileType = sourcecode.c.objc; path = "FSLPromise+RetryTests.m"; sourceTree = "<group>"; };
		"Promises::FBLPromises::Product" /* FSLPromises.framework */ = {isa = PBXFileReference; explicitFileType = wrapper.framework; path = FSLPromises.framework; sourceTree = BUILT_PRODUCTS_DIR; };
		"Promises::FBLPromisesInteroperabilityTests::Product" /* FSLPromisesInteroperabilityTests.xctest */ = {isa = PBXFileReference; explicitFileType = wrapper.cfbundle; path = FSLPromisesInteroperabilityTests.xctest; sourceTree = BUILT_PRODUCTS_DIR; };
		"Promises::FBLPromisesPerformanceTests::Product" /* FSLPromisesPerformanceTests.xctest */ = {isa = PBXFileReference; explicitFileType = wrapper.cfbundle; path = FSLPromisesPerformanceTests.xctest; sourceTree = BUILT_PRODUCTS_DIR; };
		"Promises::FBLPromisesTestHelpers::Product" /* FSLPromisesTestHelpers.framework */ = {isa = PBXFileReference; explicitFileType = wrapper.framework; path = FSLPromisesTestHelpers.framework; sourceTree = BUILT_PRODUCTS_DIR; };
		"Promises::FBLPromisesTests::Product" /* FSLPromisesTests.xctest */ = {isa = PBXFileReference; explicitFileType = wrapper.cfbundle; path = FSLPromisesTests.xctest; sourceTree = BUILT_PRODUCTS_DIR; };
/* End PBXFileReference section */

/* Begin PBXFrameworksBuildPhase section */
		OBJ_133 /* Frameworks */ = {
			isa = PBXFrameworksBuildPhase;
			buildActionMask = 0;
			files = (
				OBJ_136 /* FSLPromisesTestHelpers.framework in Frameworks */,
				OBJ_137 /* FSLPromises.framework in Frameworks */,
			);
			runOnlyForDeploymentPostprocessing = 0;
		};
		OBJ_152 /* Frameworks */ = {
			isa = PBXFrameworksBuildPhase;
			buildActionMask = 0;
			files = (
				OBJ_153 /* FSLPromisesTestHelpers.framework in Frameworks */,
				OBJ_154 /* FSLPromises.framework in Frameworks */,
			);
			runOnlyForDeploymentPostprocessing = 0;
		};
		OBJ_200 /* Frameworks */ = {
			isa = PBXFrameworksBuildPhase;
			buildActionMask = 0;
			files = (
				OBJ_201 /* FSLPromisesTestHelpers.framework in Frameworks */,
				OBJ_202 /* FSLPromises.framework in Frameworks */,
			);
			runOnlyForDeploymentPostprocessing = 0;
		};
		OBJ_274 /* Frameworks */ = {
			isa = PBXFrameworksBuildPhase;
			buildActionMask = 0;
			files = (
				OBJ_275 /* FSLPromises.framework in Frameworks */,
			);
			runOnlyForDeploymentPostprocessing = 0;
		};
		OBJ_296 /* Frameworks */ = {
			isa = PBXFrameworksBuildPhase;
			buildActionMask = 0;
			files = (
			);
			runOnlyForDeploymentPostprocessing = 0;
		};
/* End PBXFrameworksBuildPhase section */

/* Begin PBXGroup section */
		03204033204547D300D2D16C /* Sources */ = {
			isa = PBXGroup;
			children = (
				0320404E204547D300D2D16C /* FSLPromises */,
				03204037204547D300D2D16C /* FSLPromisesTestHelpers */,
			);
			path = Sources;
			sourceTree = "<group>";
		};
		03204037204547D300D2D16C /* FSLPromisesTestHelpers */ = {
			isa = PBXGroup;
			children = (
				0320403D204547D300D2D16C /* FSLPromisesTestInteroperability.m */,
				03204038204547D300D2D16C /* include */,
			);
			path = FSLPromisesTestHelpers;
			sourceTree = "<group>";
		};
		03204038204547D300D2D16C /* include */ = {
			isa = PBXGroup;
			children = (
				03204039204547D300D2D16C /* FSLPromisesTestHelpers.h */,
				0320403A204547D300D2D16C /* FSLPromisesTestInteroperability.h */,
				0320403B204547D300D2D16C /* framework.modulemap */,
			);
			path = include;
			sourceTree = "<group>";
		};
		0320404E204547D300D2D16C /* FSLPromises */ = {
			isa = PBXGroup;
			children = (
				03204071204547D300D2D16C /* FSLPromise.m */,
				0320406F204547D300D2D16C /* FSLPromise+All.m */,
				0320406A204547D300D2D16C /* FSLPromise+Always.m */,
				0320406D204547D300D2D16C /* FSLPromise+Any.m */,
				03204069204547D300D2D16C /* FSLPromise+Async.m */,
				035D15E6208EF8750089EF3D /* FSLPromise+Await.m */,
				0320406B204547D300D2D16C /* FSLPromise+Catch.m */,
				035D15EE20911AB70089EF3D /* FSLPromise+Delay.m */,
				0320404F204547D300D2D16C /* FSLPromise+Do.m */,
				03204068204547D300D2D16C /* FSLPromise+Race.m */,
				0320406E204547D300D2D16C /* FSLPromise+Recover.m */,
				03326C312084642000872827 /* FSLPromise+Reduce.m */,
				4ADC8B8B20E54A4E00D10D3D /* FSLPromise+Retry.m */,
				0320406C204547D300D2D16C /* FSLPromise+Testing.m */,
				03204065204547D300D2D16C /* FSLPromise+Then.m */,
				03204067204547D300D2D16C /* FSLPromise+Timeout.m */,
				03204070204547D300D2D16C /* FSLPromise+Validate.m */,
				03204050204547D300D2D16C /* FSLPromise+Wrap.m */,
				03204066204547D300D2D16C /* FSLPromiseError.m */,
				03204051204547D300D2D16C /* include */,
			);
			path = FSLPromises;
			sourceTree = "<group>";
		};
		03204051204547D300D2D16C /* include */ = {
			isa = PBXGroup;
			children = (
				03204058204547D300D2D16C /* FSLPromise.h */,
				03204057204547D300D2D16C /* FSLPromise+All.h */,
				03204063204547D300D2D16C /* FSLPromise+Always.h */,
				03204055204547D300D2D16C /* FSLPromise+Any.h */,
				03204062204547D300D2D16C /* FSLPromise+Async.h */,
				035D15E9208EF8940089EF3D /* FSLPromise+Await.h */,
				03204053204547D300D2D16C /* FSLPromise+Catch.h */,
				035D15F120911ACA0089EF3D /* FSLPromise+Delay.h */,
				0320405B204547D300D2D16C /* FSLPromise+Do.h */,
				03204064204547D300D2D16C /* FSLPromise+Race.h */,
				03204054204547D300D2D16C /* FSLPromise+Recover.h */,
				03326C342084643600872827 /* FSLPromise+Reduce.h */,
				4ADC8B8D20E54A5900D10D3D /* FSLPromise+Retry.h */,
				03204052204547D300D2D16C /* FSLPromise+Testing.h */,
				0320405E204547D300D2D16C /* FSLPromise+Then.h */,
				0320405C204547D300D2D16C /* FSLPromise+Timeout.h */,
				03204056204547D300D2D16C /* FSLPromise+Validate.h */,
				03204061204547D300D2D16C /* FSLPromise+Wrap.h */,
				0320405D204547D300D2D16C /* FSLPromiseError.h */,
				0320405A204547D300D2D16C /* FSLPromisePrivate.h */,
				03204059204547D300D2D16C /* FSLPromises.h */,
				0320405F204547D300D2D16C /* framework.modulemap */,
			);
			path = include;
			sourceTree = "<group>";
		};
		03204072204547D300D2D16C /* Tests */ = {
			isa = PBXGroup;
			children = (
				03204081204547D400D2D16C /* FSLPromisesPerformanceTests */,
				03204088204547D400D2D16C /* FSLPromisesTests */,
			);
			path = Tests;
			sourceTree = "<group>";
		};
		03204081204547D400D2D16C /* FSLPromisesPerformanceTests */ = {
			isa = PBXGroup;
			children = (
				03204082204547D400D2D16C /* FSLPromise+ThenPerformanceTests.m */,
			);
			path = FSLPromisesPerformanceTests;
			sourceTree = "<group>";
		};
		03204088204547D400D2D16C /* FSLPromisesTests */ = {
			isa = PBXGroup;
			children = (
				03204090204547D400D2D16C /* FSLPromise+AllTests.m */,
				0320408A204547D400D2D16C /* FSLPromise+AlwaysTests.m */,
				03204089204547D400D2D16C /* FSLPromise+AnyTests.m */,
				03204093204547D400D2D16C /* FSLPromise+AsyncTests.m */,
				035D15F320915B490089EF3D /* FSLPromise+AwaitTests.m */,
				0320408F204547D400D2D16C /* FSLPromise+CatchTests.m */,
				0391947C2095B9BE00C40218 /* FSLPromise+DelayTests.m */,
				0320408B204547D400D2D16C /* FSLPromise+DoTests.m */,
				0320408D204547D400D2D16C /* FSLPromise+RaceTests.m */,
				0320408E204547D400D2D16C /* FSLPromise+RecoverTests.m */,
				03326C36208464C100872827 /* FSLPromise+ReduceTests.m */,
				4ADC8B9320E54A9E00D10D3D /* FSLPromise+RetryTests.m */,
				03204094204547D400D2D16C /* FSLPromise+ThenTests.m */,
				03204095204547D400D2D16C /* FSLPromise+TimeoutTests.m */,
				03204092204547D400D2D16C /* FSLPromise+ValidateTests.m */,
				03204091204547D400D2D16C /* FSLPromise+WrapTests.m */,
				0320408C204547D400D2D16C /* FSLPromiseTests.m */,
			);
			path = FSLPromisesTests;
			sourceTree = "<group>";
		};
		OBJ_109 /* Products */ = {
			isa = PBXGroup;
			children = (
				"Promises::FBLPromisesInteroperabilityTests::Product" /* FSLPromisesInteroperabilityTests.xctest */,
				"Promises::FBLPromisesPerformanceTests::Product" /* FSLPromisesPerformanceTests.xctest */,
				"Promises::FBLPromisesTests::Product" /* FSLPromisesTests.xctest */,
				"Promises::FBLPromisesTestHelpers::Product" /* FSLPromisesTestHelpers.framework */,
				"Promises::FBLPromises::Product" /* FSLPromises.framework */,
			);
			name = Products;
			sourceTree = BUILT_PRODUCTS_DIR;
		};
		OBJ_5 = {
			isa = PBXGroup;
			children = (
				03204033204547D300D2D16C /* Sources */,
				03204072204547D300D2D16C /* Tests */,
				OBJ_109 /* Products */,
			);
			sourceTree = "<group>";
		};
/* End PBXGroup section */

/* Begin PBXHeadersBuildPhase section */
		03C7655B20453515008F08C9 /* Headers */ = {
			isa = PBXHeadersBuildPhase;
			buildActionMask = 2147483647;
			files = (
				032B80FF204549080097BF12 /* FSLPromise+Race.h in Headers */,
				035D15F220911AD30089EF3D /* FSLPromise+Delay.h in Headers */,
				032B8109204549080097BF12 /* FSLPromise+Any.h in Headers */,
				032B8102204549080097BF12 /* FSLPromise+Do.h in Headers */,
				032B8100204549080097BF12 /* FSLPromise+Async.h in Headers */,
				032B80FC204549080097BF12 /* FSLPromise.h in Headers */,
				032B8106204549080097BF12 /* FSLPromise+Then.h in Headers */,
				032B8108204549080097BF12 /* FSLPromise+Validate.h in Headers */,
				032B810B204549080097BF12 /* FSLPromisePrivate.h in Headers */,
				032B80FE204549080097BF12 /* FSLPromise+Always.h in Headers */,
				032B80FD204549080097BF12 /* FSLPromise+All.h in Headers */,
				032B8105204549080097BF12 /* FSLPromise+Testing.h in Headers */,
				4ADC8B8E20E54A5900D10D3D /* FSLPromise+Retry.h in Headers */,
				032B8104204549080097BF12 /* FSLPromise+Wrap.h in Headers */,
				032B8103204549080097BF12 /* FSLPromise+Recover.h in Headers */,
				035D15EA208EF8A00089EF3D /* FSLPromise+Await.h in Headers */,
				032B810A204549080097BF12 /* FSLPromiseError.h in Headers */,
				032B8101204549080097BF12 /* FSLPromise+Catch.h in Headers */,
				03326C352084644400872827 /* FSLPromise+Reduce.h in Headers */,
				032B8107204549080097BF12 /* FSLPromise+Timeout.h in Headers */,
				032B810C204549080097BF12 /* FSLPromises.h in Headers */,
			);
			runOnlyForDeploymentPostprocessing = 0;
		};
		03C7656F20453981008F08C9 /* Headers */ = {
			isa = PBXHeadersBuildPhase;
			buildActionMask = 2147483647;
			files = (
				032B8110204549300097BF12 /* FSLPromisesTestHelpers.h in Headers */,
				032B8111204549300097BF12 /* FSLPromisesTestInteroperability.h in Headers */,
			);
			runOnlyForDeploymentPostprocessing = 0;
		};
/* End PBXHeadersBuildPhase section */

/* Begin PBXNativeTarget section */
		"Promises::FBLPromises" /* FSLPromises */ = {
			isa = PBXNativeTarget;
			buildConfigurationList = OBJ_277 /* Build configuration list for PBXNativeTarget "FSLPromises" */;
			buildPhases = (
				OBJ_280 /* Sources */,
				OBJ_296 /* Frameworks */,
				03C7655B20453515008F08C9 /* Headers */,
			);
			buildRules = (
			);
			dependencies = (
			);
			name = FSLPromises;
			productName = FBLPromises;
			productReference = "Promises::FBLPromises::Product" /* FSLPromises.framework */;
			productType = "com.apple.product-type.framework";
		};
		"Promises::FBLPromisesInteroperabilityTests" /* FSLPromisesInteroperabilityTests */ = {
			isa = PBXNativeTarget;
			buildConfigurationList = OBJ_127 /* Build configuration list for PBXNativeTarget "FSLPromisesInteroperabilityTests" */;
			buildPhases = (
				OBJ_130 /* Sources */,
				OBJ_133 /* Frameworks */,
			);
			buildRules = (
			);
			dependencies = (
				OBJ_142 /* PBXTargetDependency */,
				OBJ_144 /* PBXTargetDependency */,
			);
			name = FSLPromisesInteroperabilityTests;
			productName = FBLPromisesInteroperabilityTests;
			productReference = "Promises::FBLPromisesInteroperabilityTests::Product" /* FSLPromisesInteroperabilityTests.xctest */;
			productType = "com.apple.product-type.bundle.unit-test";
		};
		"Promises::FBLPromisesPerformanceTests" /* FSLPromisesPerformanceTests */ = {
			isa = PBXNativeTarget;
			buildConfigurationList = OBJ_147 /* Build configuration list for PBXNativeTarget "FSLPromisesPerformanceTests" */;
			buildPhases = (
				OBJ_150 /* Sources */,
				OBJ_152 /* Frameworks */,
			);
			buildRules = (
			);
			dependencies = (
				OBJ_155 /* PBXTargetDependency */,
				OBJ_156 /* PBXTargetDependency */,
			);
			name = FSLPromisesPerformanceTests;
			productName = FBLPromisesPerformanceTests;
			productReference = "Promises::FBLPromisesPerformanceTests::Product" /* FSLPromisesPerformanceTests.xctest */;
			productType = "com.apple.product-type.bundle.unit-test";
		};
		"Promises::FBLPromisesTestHelpers" /* FSLPromisesTestHelpers */ = {
			isa = PBXNativeTarget;
			buildConfigurationList = OBJ_269 /* Build configuration list for PBXNativeTarget "FSLPromisesTestHelpers" */;
			buildPhases = (
				OBJ_272 /* Sources */,
				OBJ_274 /* Frameworks */,
				03C7656F20453981008F08C9 /* Headers */,
			);
			buildRules = (
			);
			dependencies = (
				OBJ_276 /* PBXTargetDependency */,
			);
			name = FSLPromisesTestHelpers;
			productName = FBLPromisesTestHelpers;
			productReference = "Promises::FBLPromisesTestHelpers::Product" /* FSLPromisesTestHelpers.framework */;
			productType = "com.apple.product-type.framework";
		};
		"Promises::FBLPromisesTests" /* FSLPromisesTests */ = {
			isa = PBXNativeTarget;
			buildConfigurationList = OBJ_183 /* Build configuration list for PBXNativeTarget "FSLPromisesTests" */;
			buildPhases = (
				OBJ_186 /* Sources */,
				OBJ_200 /* Frameworks */,
			);
			buildRules = (
			);
			dependencies = (
				OBJ_203 /* PBXTargetDependency */,
				OBJ_204 /* PBXTargetDependency */,
			);
			name = FSLPromisesTests;
			productName = FBLPromisesTests;
			productReference = "Promises::FBLPromisesTests::Product" /* FSLPromisesTests.xctest */;
			productType = "com.apple.product-type.bundle.unit-test";
		};
/* End PBXNativeTarget section */

/* Begin PBXProject section */
		OBJ_1 /* Project object */ = {
			isa = PBXProject;
			attributes = {
				LastUpgradeCheck = 1020;
			};
			buildConfigurationList = OBJ_2 /* Build configuration list for PBXProject "Promises" */;
			compatibilityVersion = "Xcode 3.2";
			developmentRegion = en;
			hasScannedForEncodings = 0;
			knownRegions = (
				en,
				Base,
			);
			mainGroup = OBJ_5;
			productRefGroup = OBJ_109 /* Products */;
			projectDirPath = "";
			projectRoot = "";
			targets = (
				"Promises::FBLPromisesInteroperabilityTests" /* FSLPromisesInteroperabilityTests */,
				"Promises::FBLPromisesPerformanceTests" /* FSLPromisesPerformanceTests */,
				"Promises::FBLPromisesTests" /* FSLPromisesTests */,
				"Promises::FBLPromisesTestHelpers" /* FSLPromisesTestHelpers */,
				"Promises::FBLPromises" /* FSLPromises */,
			);
		};
/* End PBXProject section */

/* Begin PBXSourcesBuildPhase section */
		OBJ_130 /* Sources */ = {
			isa = PBXSourcesBuildPhase;
			buildActionMask = 0;
			files = (
			);
			runOnlyForDeploymentPostprocessing = 0;
		};
		OBJ_150 /* Sources */ = {
			isa = PBXSourcesBuildPhase;
			buildActionMask = 0;
			files = (
				032B8125204549510097BF12 /* FSLPromise+ThenPerformanceTests.m in Sources */,
			);
			runOnlyForDeploymentPostprocessing = 0;
		};
		OBJ_186 /* Sources */ = {
			isa = PBXSourcesBuildPhase;
			buildActionMask = 0;
			files = (
				032B812C204549590097BF12 /* FSLPromise+RecoverTests.m in Sources */,
				032B8126204549590097BF12 /* FSLPromise+AllTests.m in Sources */,
				0391947E2095B9C600C40218 /* FSLPromise+DelayTests.m in Sources */,
				032B8129204549590097BF12 /* FSLPromise+AsyncTests.m in Sources */,
				032B8128204549590097BF12 /* FSLPromise+RaceTests.m in Sources */,
				4ADC8B9420E54A9E00D10D3D /* FSLPromise+RetryTests.m in Sources */,
				032B812F204549590097BF12 /* FSLPromise+TimeoutTests.m in Sources */,
				032B812B204549590097BF12 /* FSLPromise+DoTests.m in Sources */,
				032B812D204549590097BF12 /* FSLPromise+WrapTests.m in Sources */,
				032B8127204549590097BF12 /* FSLPromise+AlwaysTests.m in Sources */,
				035D15F520915B550089EF3D /* FSLPromise+AwaitTests.m in Sources */,
				032B8131204549590097BF12 /* FSLPromise+AnyTests.m in Sources */,
				032B812E204549590097BF12 /* FSLPromise+ThenTests.m in Sources */,
				03326C392084689500872827 /* FSLPromise+ReduceTests.m in Sources */,
				032B812A204549590097BF12 /* FSLPromise+CatchTests.m in Sources */,
				032B8132204549590097BF12 /* FSLPromiseTests.m in Sources */,
				032B8130204549590097BF12 /* FSLPromise+ValidateTests.m in Sources */,
			);
			runOnlyForDeploymentPostprocessing = 0;
		};
		OBJ_272 /* Sources */ = {
			isa = PBXSourcesBuildPhase;
			buildActionMask = 0;
			files = (
				032B8143204549DC0097BF12 /* FSLPromisesTestInteroperability.m in Sources */,
			);
			runOnlyForDeploymentPostprocessing = 0;
		};
		OBJ_280 /* Sources */ = {
			isa = PBXSourcesBuildPhase;
			buildActionMask = 0;
			files = (
				032B80F8204549000097BF12 /* FSLPromise+Timeout.m in Sources */,
				032B80F7204549000097BF12 /* FSLPromise+Then.m in Sources */,
				032B80F2204549000097BF12 /* FSLPromise+Catch.m in Sources */,
				032B80F6204549000097BF12 /* FSLPromise+Testing.m in Sources */,
				03326C332084642B00872827 /* FSLPromise+Reduce.m in Sources */,
				035D15F9209220150089EF3D /* FSLPromise+Await.m in Sources */,
				035D15F8209220120089EF3D /* FSLPromise+Delay.m in Sources */,
				032B80EE204549000097BF12 /* FSLPromise+All.m in Sources */,
				032B80F1204549000097BF12 /* FSLPromise+Async.m in Sources */,
				032B80F4204549000097BF12 /* FSLPromise+Recover.m in Sources */,
				032B80F5204549000097BF12 /* FSLPromise+Wrap.m in Sources */,
				032B80F0204549000097BF12 /* FSLPromise+Race.m in Sources */,
				4ADC8B8C20E54A4E00D10D3D /* FSLPromise+Retry.m in Sources */,
				032B80F9204549000097BF12 /* FSLPromise+Validate.m in Sources */,
				032B80F3204549000097BF12 /* FSLPromise+Do.m in Sources */,
				032B80EF204549000097BF12 /* FSLPromise+Always.m in Sources */,
				032B80FB204549000097BF12 /* FSLPromiseError.m in Sources */,
				032B80FA204549000097BF12 /* FSLPromise+Any.m in Sources */,
				032B80ED204549000097BF12 /* FSLPromise.m in Sources */,
			);
			runOnlyForDeploymentPostprocessing = 0;
		};
/* End PBXSourcesBuildPhase section */

/* Begin PBXTargetDependency section */
		OBJ_142 /* PBXTargetDependency */ = {
			isa = PBXTargetDependency;
			target = "Promises::FBLPromisesTestHelpers" /* FSLPromisesTestHelpers */;
			targetProxy = 03C7654420453421008F08C9 /* PBXContainerItemProxy */;
		};
		OBJ_144 /* PBXTargetDependency */ = {
			isa = PBXTargetDependency;
			target = "Promises::FBLPromises" /* FSLPromises */;
			targetProxy = 03C7654520453421008F08C9 /* PBXContainerItemProxy */;
		};
		OBJ_155 /* PBXTargetDependency */ = {
			isa = PBXTargetDependency;
			target = "Promises::FBLPromisesTestHelpers" /* FSLPromisesTestHelpers */;
			targetProxy = 03C7654620453421008F08C9 /* PBXContainerItemProxy */;
		};
		OBJ_156 /* PBXTargetDependency */ = {
			isa = PBXTargetDependency;
			target = "Promises::FBLPromises" /* FSLPromises */;
			targetProxy = 03C7654720453421008F08C9 /* PBXContainerItemProxy */;
		};
		OBJ_203 /* PBXTargetDependency */ = {
			isa = PBXTargetDependency;
			target = "Promises::FBLPromisesTestHelpers" /* FSLPromisesTestHelpers */;
			targetProxy = 03C7654B20453421008F08C9 /* PBXContainerItemProxy */;
		};
		OBJ_204 /* PBXTargetDependency */ = {
			isa = PBXTargetDependency;
			target = "Promises::FBLPromises" /* FSLPromises */;
			targetProxy = 03C7654C20453421008F08C9 /* PBXContainerItemProxy */;
		};
		OBJ_276 /* PBXTargetDependency */ = {
			isa = PBXTargetDependency;
			target = "Promises::FBLPromises" /* FSLPromises */;
			targetProxy = 03C7654120453421008F08C9 /* PBXContainerItemProxy */;
		};
/* End PBXTargetDependency section */

/* Begin XCBuildConfiguration section */
		OBJ_128 /* Debug */ = {
			isa = XCBuildConfiguration;
			buildSettings = {
				FRAMEWORK_SEARCH_PATHS = (
					"$(inherited)",
					"$(PLATFORM_DIR)/Developer/Library/Frameworks",
				);
				HEADER_SEARCH_PATHS = (
					"$(inherited)",
					"$(SRCROOT)/Tests/FSLPromisesInteroperabilityTests/include",
					"$(SRCROOT)/Sources/FSLPromisesTestHelpers/include",
					"$(SRCROOT)/Sources/FSLPromises/include",
					"$(BUILT_PRODUCTS_DIR)/PromisesTestHelpers.framework/Headers",
				);
				INFOPLIST_FILE = Promises.xcodeproj/FSLPromisesInteroperabilityTests_Info.plist;
				IPHONEOS_DEPLOYMENT_TARGET = 11.0;
				OTHER_LDFLAGS = "$(inherited)";
				OTHER_SWIFT_FLAGS = "$(inherited)";
				PRODUCT_BUNDLE_IDENTIFIER = "$(PRODUCT_NAME)";
				SUPPORTED_PLATFORMS = "appletvos appletvsimulator iphoneos iphonesimulator macosx watchos watchsimulator";
				SUPPORTS_MACCATALYST = NO;
				SUPPORTS_MAC_DESIGNED_FOR_IPHONE_IPAD = NO;
				SWIFT_VERSION = 5.0;
				TARGETED_DEVICE_FAMILY = "1,3,4";
				TARGET_NAME = FSLPromisesInteroperabilityTests;
			};
			name = Debug;
		};
		OBJ_129 /* Release */ = {
			isa = XCBuildConfiguration;
			buildSettings = {
				FRAMEWORK_SEARCH_PATHS = (
					"$(inherited)",
					"$(PLATFORM_DIR)/Developer/Library/Frameworks",
				);
				HEADER_SEARCH_PATHS = (
					"$(inherited)",
					"$(SRCROOT)/Tests/FSLPromisesInteroperabilityTests/include",
					"$(SRCROOT)/Sources/FSLPromisesTestHelpers/include",
					"$(SRCROOT)/Sources/FSLPromises/include",
					"$(BUILT_PRODUCTS_DIR)/PromisesTestHelpers.framework/Headers",
				);
				INFOPLIST_FILE = Promises.xcodeproj/FSLPromisesInteroperabilityTests_Info.plist;
				IPHONEOS_DEPLOYMENT_TARGET = 11.0;
				OTHER_LDFLAGS = "$(inherited)";
				OTHER_SWIFT_FLAGS = "$(inherited)";
				PRODUCT_BUNDLE_IDENTIFIER = "$(PRODUCT_NAME)";
				SUPPORTED_PLATFORMS = "appletvos appletvsimulator iphoneos iphonesimulator macosx watchos watchsimulator";
				SUPPORTS_MACCATALYST = NO;
				SUPPORTS_MAC_DESIGNED_FOR_IPHONE_IPAD = NO;
				SWIFT_VERSION = 5.0;
				TARGETED_DEVICE_FAMILY = "1,3,4";
				TARGET_NAME = FSLPromisesInteroperabilityTests;
			};
			name = Release;
		};
		OBJ_148 /* Debug */ = {
			isa = XCBuildConfiguration;
			buildSettings = {
				ALWAYS_EMBED_SWIFT_STANDARD_LIBRARIES = YES;
				FRAMEWORK_SEARCH_PATHS = (
					"$(inherited)",
					"$(PLATFORM_DIR)/Developer/Library/Frameworks",
				);
				HEADER_SEARCH_PATHS = (
					"$(inherited)",
					"$(SRCROOT)/Tests/FSLPromisesPerformanceTests/include",
					"$(SRCROOT)/Sources/FSLPromisesTestHelpers/include",
					"$(SRCROOT)/Sources/FSLPromises/include",
				);
				INFOPLIST_FILE = Promises.xcodeproj/FSLPromisesPerformanceTests_Info.plist;
				IPHONEOS_DEPLOYMENT_TARGET = 11.0;
				OTHER_LDFLAGS = "$(inherited)";
				OTHER_SWIFT_FLAGS = "$(inherited)";
				PRODUCT_BUNDLE_IDENTIFIER = "$(PRODUCT_NAME)";
				SUPPORTED_PLATFORMS = "appletvos appletvsimulator iphoneos iphonesimulator macosx watchos watchsimulator";
				SUPPORTS_MACCATALYST = NO;
				SUPPORTS_MAC_DESIGNED_FOR_IPHONE_IPAD = NO;
				TARGETED_DEVICE_FAMILY = "1,3,4";
				TARGET_NAME = FSLPromisesPerformanceTests;
			};
			name = Debug;
		};
		OBJ_149 /* Release */ = {
			isa = XCBuildConfiguration;
			buildSettings = {
				ALWAYS_EMBED_SWIFT_STANDARD_LIBRARIES = YES;
				FRAMEWORK_SEARCH_PATHS = (
					"$(inherited)",
					"$(PLATFORM_DIR)/Developer/Library/Frameworks",
				);
				HEADER_SEARCH_PATHS = (
					"$(inherited)",
					"$(SRCROOT)/Tests/FSLPromisesPerformanceTests/include",
					"$(SRCROOT)/Sources/FSLPromisesTestHelpers/include",
					"$(SRCROOT)/Sources/FSLPromises/include",
				);
				INFOPLIST_FILE = Promises.xcodeproj/FSLPromisesPerformanceTests_Info.plist;
				IPHONEOS_DEPLOYMENT_TARGET = 11.0;
				OTHER_LDFLAGS = "$(inherited)";
				OTHER_SWIFT_FLAGS = "$(inherited)";
				PRODUCT_BUNDLE_IDENTIFIER = "$(PRODUCT_NAME)";
				SUPPORTED_PLATFORMS = "appletvos appletvsimulator iphoneos iphonesimulator macosx watchos watchsimulator";
				SUPPORTS_MACCATALYST = NO;
				SUPPORTS_MAC_DESIGNED_FOR_IPHONE_IPAD = NO;
				TARGETED_DEVICE_FAMILY = "1,3,4";
				TARGET_NAME = FSLPromisesPerformanceTests;
			};
			name = Release;
		};
		OBJ_184 /* Debug */ = {
			isa = XCBuildConfiguration;
			buildSettings = {
				ALWAYS_EMBED_SWIFT_STANDARD_LIBRARIES = YES;
				FRAMEWORK_SEARCH_PATHS = (
					"$(inherited)",
					"$(PLATFORM_DIR)/Developer/Library/Frameworks",
				);
				HEADER_SEARCH_PATHS = (
					"$(inherited)",
					"$(SRCROOT)/Tests/FSLPromisesTests/include",
					"$(SRCROOT)/Sources/FSLPromisesTestHelpers/include",
					"$(SRCROOT)/Sources/FSLPromises/include",
				);
				INFOPLIST_FILE = Promises.xcodeproj/FSLPromisesTests_Info.plist;
				IPHONEOS_DEPLOYMENT_TARGET = 11.0;
				OTHER_LDFLAGS = "$(inherited)";
				OTHER_SWIFT_FLAGS = "$(inherited)";
				PRODUCT_BUNDLE_IDENTIFIER = "$(PRODUCT_NAME)";
				SUPPORTED_PLATFORMS = "appletvos appletvsimulator iphoneos iphonesimulator macosx watchos watchsimulator";
				SUPPORTS_MACCATALYST = NO;
				SUPPORTS_MAC_DESIGNED_FOR_IPHONE_IPAD = NO;
				TARGETED_DEVICE_FAMILY = "1,3,4";
				TARGET_NAME = FSLPromisesTests;
			};
			name = Debug;
		};
		OBJ_185 /* Release */ = {
			isa = XCBuildConfiguration;
			buildSettings = {
				ALWAYS_EMBED_SWIFT_STANDARD_LIBRARIES = YES;
				FRAMEWORK_SEARCH_PATHS = (
					"$(inherited)",
					"$(PLATFORM_DIR)/Developer/Library/Frameworks",
				);
				HEADER_SEARCH_PATHS = (
					"$(inherited)",
					"$(SRCROOT)/Tests/FSLPromisesTests/include",
					"$(SRCROOT)/Sources/FSLPromisesTestHelpers/include",
					"$(SRCROOT)/Sources/FSLPromises/include",
				);
				INFOPLIST_FILE = Promises.xcodeproj/FSLPromisesTests_Info.plist;
				IPHONEOS_DEPLOYMENT_TARGET = 11.0;
				OTHER_LDFLAGS = "$(inherited)";
				OTHER_SWIFT_FLAGS = "$(inherited)";
				PRODUCT_BUNDLE_IDENTIFIER = "$(PRODUCT_NAME)";
				SUPPORTED_PLATFORMS = "appletvos appletvsimulator iphoneos iphonesimulator macosx watchos watchsimulator";
				SUPPORTS_MACCATALYST = NO;
				SUPPORTS_MAC_DESIGNED_FOR_IPHONE_IPAD = NO;
				TARGETED_DEVICE_FAMILY = "1,3,4";
				TARGET_NAME = FSLPromisesTests;
			};
			name = Release;
		};
		OBJ_270 /* Debug */ = {
			isa = XCBuildConfiguration;
			buildSettings = {
				DEFINES_MODULE = YES;
				ENABLE_TESTABILITY = YES;
				FRAMEWORK_SEARCH_PATHS = (
					"$(inherited)",
					"$(PLATFORM_DIR)/Developer/Library/Frameworks",
				);
				HEADER_SEARCH_PATHS = (
					"$(inherited)",
					"$(SRCROOT)/Sources/FSLPromisesTestHelpers/include",
					"$(SRCROOT)/Sources/FSLPromises/include",
				);
				INFOPLIST_FILE = Promises.xcodeproj/FSLPromisesTestHelpers_Info.plist;
				IPHONEOS_DEPLOYMENT_TARGET = 11.0;
				MODULEMAP_FILE = "$(SRCROOT)/Sources/FSLPromisesTestHelpers/include/framework.modulemap";
				OTHER_LDFLAGS = "$(inherited)";
				OTHER_SWIFT_FLAGS = "$(inherited)";
				PRODUCT_BUNDLE_IDENTIFIER = "$(PRODUCT_NAME)";
				PRODUCT_MODULE_NAME = "$(TARGET_NAME:c99extidentifier)";
				PRODUCT_NAME = "$(TARGET_NAME:c99extidentifier)";
				SKIP_INSTALL = YES;
				SUPPORTED_PLATFORMS = "appletvos appletvsimulator iphoneos iphonesimulator macosx watchos watchsimulator";
				SUPPORTS_MACCATALYST = NO;
				SUPPORTS_MAC_DESIGNED_FOR_IPHONE_IPAD = NO;
				TARGETED_DEVICE_FAMILY = "1,3,4";
				TARGET_NAME = FSLPromisesTestHelpers;
			};
			name = Debug;
		};
		OBJ_271 /* Release */ = {
			isa = XCBuildConfiguration;
			buildSettings = {
				DEFINES_MODULE = YES;
				ENABLE_TESTABILITY = YES;
				FRAMEWORK_SEARCH_PATHS = (
					"$(inherited)",
					"$(PLATFORM_DIR)/Developer/Library/Frameworks",
				);
				HEADER_SEARCH_PATHS = (
					"$(inherited)",
					"$(SRCROOT)/Sources/FSLPromisesTestHelpers/include",
					"$(SRCROOT)/Sources/FSLPromises/include",
				);
				INFOPLIST_FILE = Promises.xcodeproj/FSLPromisesTestHelpers_Info.plist;
				IPHONEOS_DEPLOYMENT_TARGET = 11.0;
				MODULEMAP_FILE = "$(SRCROOT)/Sources/FSLPromisesTestHelpers/include/framework.modulemap";
				OTHER_LDFLAGS = "$(inherited)";
				OTHER_SWIFT_FLAGS = "$(inherited)";
				PRODUCT_BUNDLE_IDENTIFIER = "$(PRODUCT_NAME)";
				PRODUCT_MODULE_NAME = "$(TARGET_NAME:c99extidentifier)";
				PRODUCT_NAME = "$(TARGET_NAME:c99extidentifier)";
				SKIP_INSTALL = YES;
				SUPPORTED_PLATFORMS = "appletvos appletvsimulator iphoneos iphonesimulator macosx watchos watchsimulator";
				SUPPORTS_MACCATALYST = NO;
				SUPPORTS_MAC_DESIGNED_FOR_IPHONE_IPAD = NO;
				TARGETED_DEVICE_FAMILY = "1,3,4";
				TARGET_NAME = FSLPromisesTestHelpers;
			};
			name = Release;
		};
		OBJ_278 /* Debug */ = {
			isa = XCBuildConfiguration;
			buildSettings = {
				APPLICATION_EXTENSION_API_ONLY = YES;
				DEFINES_MODULE = YES;
				ENABLE_TESTABILITY = YES;
				FRAMEWORK_SEARCH_PATHS = (
					"$(inherited)",
					"$(PLATFORM_DIR)/Developer/Library/Frameworks",
				);
				HEADER_SEARCH_PATHS = (
					"$(inherited)",
					"$(SRCROOT)/Sources/FSLPromises/include",
				);
				INFOPLIST_FILE = Promises.xcodeproj/FSLPromises_Info.plist;
				IPHONEOS_DEPLOYMENT_TARGET = 11.0;
				MACOSX_DEPLOYMENT_TARGET = 10.13;
				MODULEMAP_FILE = "$(SRCROOT)/Sources/FSLPromises/include/framework.modulemap";
				OTHER_LDFLAGS = "$(inherited)";
				OTHER_SWIFT_FLAGS = "$(inherited)";
				PRODUCT_BUNDLE_IDENTIFIER = "$(PRODUCT_NAME)";
				"PRODUCT_BUNDLE_IDENTIFIER[sdk=appletvos*]" = FSLPromises;
				"PRODUCT_BUNDLE_IDENTIFIER[sdk=iphoneos*]" = FSLPromises;
				"PRODUCT_BUNDLE_IDENTIFIER[sdk=macosx*]" = FSLPromises;
				"PRODUCT_BUNDLE_IDENTIFIER[sdk=watchos*]" = FSLPromises;
				PRODUCT_MODULE_NAME = "$(TARGET_NAME:c99extidentifier)";
				PRODUCT_NAME = "$(TARGET_NAME:c99extidentifier)";
				SKIP_INSTALL = YES;
				SUPPORTED_PLATFORMS = "appletvos appletvsimulator iphoneos iphonesimulator macosx watchos watchsimulator";
				SUPPORTS_MACCATALYST = NO;
				SUPPORTS_MAC_DESIGNED_FOR_IPHONE_IPAD = NO;
				TARGETED_DEVICE_FAMILY = "1,3,4";
				TARGET_NAME = FSLPromises;
			};
			name = Debug;
		};
		OBJ_279 /* Release */ = {
			isa = XCBuildConfiguration;
			buildSettings = {
				APPLICATION_EXTENSION_API_ONLY = YES;
				DEFINES_MODULE = YES;
				ENABLE_TESTABILITY = YES;
				FRAMEWORK_SEARCH_PATHS = (
					"$(inherited)",
					"$(PLATFORM_DIR)/Developer/Library/Frameworks",
				);
				HEADER_SEARCH_PATHS = (
					"$(inherited)",
					"$(SRCROOT)/Sources/FSLPromises/include",
				);
				INFOPLIST_FILE = Promises.xcodeproj/FSLPromises_Info.plist;
				IPHONEOS_DEPLOYMENT_TARGET = 11.0;
				MACOSX_DEPLOYMENT_TARGET = 10.13;
				MODULEMAP_FILE = "$(SRCROOT)/Sources/FSLPromises/include/framework.modulemap";
				OTHER_LDFLAGS = "$(inherited)";
				OTHER_SWIFT_FLAGS = "$(inherited)";
				PRODUCT_BUNDLE_IDENTIFIER = "$(PRODUCT_NAME)";
				"PRODUCT_BUNDLE_IDENTIFIER[sdk=appletvos*]" = FSLPromises;
				"PRODUCT_BUNDLE_IDENTIFIER[sdk=iphoneos*]" = FSLPromises;
				"PRODUCT_BUNDLE_IDENTIFIER[sdk=macosx*]" = FSLPromises;
				"PRODUCT_BUNDLE_IDENTIFIER[sdk=watchos*]" = FSLPromises;
				PRODUCT_MODULE_NAME = "$(TARGET_NAME:c99extidentifier)";
				PRODUCT_NAME = "$(TARGET_NAME:c99extidentifier)";
				SKIP_INSTALL = YES;
				SUPPORTED_PLATFORMS = "appletvos appletvsimulator iphoneos iphonesimulator macosx watchos watchsimulator";
				SUPPORTS_MACCATALYST = NO;
				SUPPORTS_MAC_DESIGNED_FOR_IPHONE_IPAD = NO;
				TARGETED_DEVICE_FAMILY = "1,3,4";
				TARGET_NAME = FSLPromises;
			};
			name = Release;
		};
		OBJ_3 /* Debug */ = {
			isa = XCBuildConfiguration;
			buildSettings = {
				CLANG_ANALYZER_LOCALIZABILITY_NONLOCALIZED = YES;
				CLANG_ENABLE_OBJC_ARC = YES;
				CLANG_WARN_BLOCK_CAPTURE_AUTORELEASING = YES;
				CLANG_WARN_BOOL_CONVERSION = YES;
				CLANG_WARN_COMMA = YES;
				CLANG_WARN_CONSTANT_CONVERSION = YES;
				CLANG_WARN_DEPRECATED_OBJC_IMPLEMENTATIONS = YES;
				CLANG_WARN_EMPTY_BODY = YES;
				CLANG_WARN_ENUM_CONVERSION = YES;
				CLANG_WARN_INFINITE_RECURSION = YES;
				CLANG_WARN_INT_CONVERSION = YES;
				CLANG_WARN_NON_LITERAL_NULL_CONVERSION = YES;
				CLANG_WARN_OBJC_IMPLICIT_RETAIN_SELF = YES;
				CLANG_WARN_OBJC_LITERAL_CONVERSION = YES;
				CLANG_WARN_RANGE_LOOP_ANALYSIS = YES;
				CLANG_WARN_STRICT_PROTOTYPES = YES;
				CLANG_WARN_SUSPICIOUS_MOVE = YES;
				CLANG_WARN_UNREACHABLE_CODE = YES;
				CLANG_WARN__DUPLICATE_METHOD_MATCH = YES;
				COMBINE_HIDPI_IMAGES = YES;
				COPY_PHASE_STRIP = NO;
				CURRENT_PROJECT_VERSION = 1.2.4;
				DEBUG_INFORMATION_FORMAT = dwarf;
				DYLIB_INSTALL_NAME_BASE = "@rpath";
				ENABLE_NS_ASSERTIONS = YES;
				ENABLE_STRICT_OBJC_MSGSEND = YES;
				ENABLE_TESTABILITY = YES;
				GCC_NO_COMMON_BLOCKS = YES;
				GCC_OPTIMIZATION_LEVEL = 0;
				GCC_WARN_64_TO_32_BIT_CONVERSION = YES;
				GCC_WARN_ABOUT_RETURN_TYPE = YES;
				GCC_WARN_UNDECLARED_SELECTOR = YES;
				GCC_WARN_UNINITIALIZED_AUTOS = YES;
				GCC_WARN_UNUSED_FUNCTION = YES;
				GCC_WARN_UNUSED_VARIABLE = YES;
				IPHONEOS_DEPLOYMENT_TARGET = 8.0;
				LD_RUNPATH_SEARCH_PATHS = "$(inherited) @executable_path/Frameworks @loader_path/Frameworks";
				"LD_RUNPATH_SEARCH_PATHS[sdk=macosx*]" = "$(inherited) @executable_path/../Frameworks @loader_path/../Frameworks";
				MACOSX_DEPLOYMENT_TARGET = 10.10;
				ONLY_ACTIVE_ARCH = YES;
				PRODUCT_NAME = "$(TARGET_NAME)";
				SUPPORTED_PLATFORMS = "macosx iphoneos iphonesimulator appletvos appletvsimulator watchos watchsimulator";
				SWIFT_OPTIMIZATION_LEVEL = "-Onone";
				SWIFT_VERSION = 5.0;
				TVOS_DEPLOYMENT_TARGET = 9.0;
				USE_HEADERMAP = NO;
				WATCHOS_DEPLOYMENT_TARGET = 2.0;
			};
			name = Debug;
		};
		OBJ_4 /* Release */ = {
			isa = XCBuildConfiguration;
			buildSettings = {
				CLANG_ANALYZER_LOCALIZABILITY_NONLOCALIZED = YES;
				CLANG_ENABLE_OBJC_ARC = YES;
				CLANG_WARN_BLOCK_CAPTURE_AUTORELEASING = YES;
				CLANG_WARN_BOOL_CONVERSION = YES;
				CLANG_WARN_COMMA = YES;
				CLANG_WARN_CONSTANT_CONVERSION = YES;
				CLANG_WARN_DEPRECATED_OBJC_IMPLEMENTATIONS = YES;
				CLANG_WARN_EMPTY_BODY = YES;
				CLANG_WARN_ENUM_CONVERSION = YES;
				CLANG_WARN_INFINITE_RECURSION = YES;
				CLANG_WARN_INT_CONVERSION = YES;
				CLANG_WARN_NON_LITERAL_NULL_CONVERSION = YES;
				CLANG_WARN_OBJC_IMPLICIT_RETAIN_SELF = YES;
				CLANG_WARN_OBJC_LITERAL_CONVERSION = YES;
				CLANG_WARN_RANGE_LOOP_ANALYSIS = YES;
				CLANG_WARN_STRICT_PROTOTYPES = YES;
				CLANG_WARN_SUSPICIOUS_MOVE = YES;
				CLANG_WARN_UNREACHABLE_CODE = YES;
				CLANG_WARN__DUPLICATE_METHOD_MATCH = YES;
				COMBINE_HIDPI_IMAGES = YES;
				COPY_PHASE_STRIP = YES;
				CURRENT_PROJECT_VERSION = 1.2.4;
				DEBUG_INFORMATION_FORMAT = "dwarf-with-dsym";
				DYLIB_INSTALL_NAME_BASE = "@rpath";
				ENABLE_STRICT_OBJC_MSGSEND = YES;
				GCC_NO_COMMON_BLOCKS = YES;
				GCC_OPTIMIZATION_LEVEL = s;
				GCC_WARN_64_TO_32_BIT_CONVERSION = YES;
				GCC_WARN_ABOUT_RETURN_TYPE = YES;
				GCC_WARN_UNDECLARED_SELECTOR = YES;
				GCC_WARN_UNINITIALIZED_AUTOS = YES;
				GCC_WARN_UNUSED_FUNCTION = YES;
				GCC_WARN_UNUSED_VARIABLE = YES;
				IPHONEOS_DEPLOYMENT_TARGET = 8.0;
				LD_RUNPATH_SEARCH_PATHS = "$(inherited) @executable_path/Frameworks @loader_path/Frameworks";
				"LD_RUNPATH_SEARCH_PATHS[sdk=macosx*]" = "$(inherited) @executable_path/../Frameworks @loader_path/../Frameworks";
				MACOSX_DEPLOYMENT_TARGET = 10.10;
				PRODUCT_NAME = "$(TARGET_NAME)";
				SUPPORTED_PLATFORMS = "macosx iphoneos iphonesimulator appletvos appletvsimulator watchos watchsimulator";
				SWIFT_COMPILATION_MODE = wholemodule;
				SWIFT_VERSION = 5.0;
				TVOS_DEPLOYMENT_TARGET = 9.0;
				USE_HEADERMAP = NO;
				WATCHOS_DEPLOYMENT_TARGET = 2.0;
			};
			name = Release;
		};
/* End XCBuildConfiguration section */

/* Begin XCConfigurationList section */
		OBJ_127 /* Build configuration list for PBXNativeTarget "FSLPromisesInteroperabilityTests" */ = {
			isa = XCConfigurationList;
			buildConfigurations = (
				OBJ_128 /* Debug */,
				OBJ_129 /* Release */,
			);
			defaultConfigurationIsVisible = 0;
			defaultConfigurationName = Debug;
		};
		OBJ_147 /* Build configuration list for PBXNativeTarget "FSLPromisesPerformanceTests" */ = {
			isa = XCConfigurationList;
			buildConfigurations = (
				OBJ_148 /* Debug */,
				OBJ_149 /* Release */,
			);
			defaultConfigurationIsVisible = 0;
			defaultConfigurationName = Debug;
		};
		OBJ_183 /* Build configuration list for PBXNativeTarget "FSLPromisesTests" */ = {
			isa = XCConfigurationList;
			buildConfigurations = (
				OBJ_184 /* Debug */,
				OBJ_185 /* Release */,
			);
			defaultConfigurationIsVisible = 0;
			defaultConfigurationName = Debug;
		};
		OBJ_2 /* Build configuration list for PBXProject "Promises" */ = {
			isa = XCConfigurationList;
			buildConfigurations = (
				OBJ_3 /* Debug */,
				OBJ_4 /* Release */,
			);
			defaultConfigurationIsVisible = 0;
			defaultConfigurationName = Debug;
		};
		OBJ_269 /* Build configuration list for PBXNativeTarget "FSLPromisesTestHelpers" */ = {
			isa = XCConfigurationList;
			buildConfigurations = (
				OBJ_270 /* Debug */,
				OBJ_271 /* Release */,
			);
			defaultConfigurationIsVisible = 0;
			defaultConfigurationName = Debug;
		};
		OBJ_277 /* Build configuration list for PBXNativeTarget "FSLPromises" */ = {
			isa = XCConfigurationList;
			buildConfigurations = (
				OBJ_278 /* Debug */,
				OBJ_279 /* Release */,
			);
			defaultConfigurationIsVisible = 0;
			defaultConfigurationName = Debug;
		};
/* End XCConfigurationList section */
	};
	rootObject = OBJ_1 /* Project object */;
}
